
Microsoft Visual Studio Solution File, Format Version 12.00
# Visual Studio 2013
VisualStudioVersion = 12.0.30501.0
MinimumVisualStudioVersion = 10.0.40219.1
Project("{FAE04EC0-301F-11D3-BF4B-00C04F79EFBC}") = "DotNetBuild.PoC", "DotNetBuild.PoC\DotNetBuild.PoC.csproj", "{9F292A9E-5A2C-4EBB-B260-8AE303D3D446}"
EndProject
Project("{FAE04EC0-301F-11D3-BF4B-00C04F79EFBC}") = "DotNetBuild.PoC.Tests", "DotNetBuild.PoC.Tests\DotNetBuild.PoC.Tests.csproj", "{37DA0B87-8C57-4972-890F-65A3B08E0DAB}"
EndProject
Project("{FAE04EC0-301F-11D3-BF4B-00C04F79EFBC}") = "DotNetBuild.PoC.Build", "DotNetBuild.PoC.Build\DotNetBuild.PoC.Build.csproj", "{E056AB82-FF7C-43E4-BE9E-D0F3D02E7E23}"
EndProject
Project("{2150E333-8FDC-42A3-9474-1A3956D46DE8}") = ".nuget", ".nuget", "{D708A428-43F8-4D42-9175-7D52F562A03D}"
	ProjectSection(SolutionItems) = preProject
		.nuget\packages.config = .nuget\packages.config
	EndProjectSection
EndProject
Global
	GlobalSection(SolutionConfigurationPlatforms) = preSolution
		Debug|Any CPU = Debug|Any CPU
		Release|Any CPU = Release|Any CPU
	EndGlobalSection
	GlobalSection(ProjectConfigurationPlatforms) = postSolution
		{9F292A9E-5A2C-4EBB-B260-8AE303D3D446}.Debug|Any CPU.ActiveCfg = Debug|Any CPU
		{9F292A9E-5A2C-4EBB-B260-8AE303D3D446}.Debug|Any CPU.Build.0 = Debug|Any CPU
		{9F292A9E-5A2C-4EBB-B260-8AE303D3D446}.Release|Any CPU.ActiveCfg = Release|Any CPU
		{9F292A9E-5A2C-4EBB-B260-8AE303D3D446}.Release|Any CPU.Build.0 = Release|Any CPU
		{37DA0B87-8C57-4972-890F-65A3B08E0DAB}.Debug|Any CPU.ActiveCfg = Debug|Any CPU
		{37DA0B87-8C57-4972-890F-65A3B08E0DAB}.Debug|Any CPU.Build.0 = Debug|Any CPU
		{37DA0B87-8C57-4972-890F-65A3B08E0DAB}.Release|Any CPU.ActiveCfg = Release|Any CPU
		{37DA0B87-8C57-4972-890F-65A3B08E0DAB}.Release|Any CPU.Build.0 = Release|Any CPU
		{E056AB82-FF7C-43E4-BE9E-D0F3D02E7E23}.Debug|Any CPU.ActiveCfg = Debug|Any CPU
		{E056AB82-FF7C-43E4-BE9E-D0F3D02E7E23}.Release|Any CPU.ActiveCfg = Release|Any CPU
	EndGlobalSection
	GlobalSection(SolutionProperties) = preSolution
		HideSolutionNode = FALSE
	EndGlobalSection
EndGlobal
